
Microsoft Visual Studio Solution File, Format Version 12.00
# Visual Studio Version 16
VisualStudioVersion = 16.0.30002.166
MinimumVisualStudioVersion = 10.0.40219.1
Project("{9A19103F-16F7-4668-BE54-9A1E7A4F7556}") = "SensibleProgramming.ArtificeNFT", "SensibleProgramming.ArtificeNFT\SensibleProgramming.ArtificeNFT.csproj", "{B57DADB4-075F-49E6-B7BC-09883648C1A2}"
EndProject
Project("{9A19103F-16F7-4668-BE54-9A1E7A4F7556}") = "SensibleProgramming.ArtificeNFT.Data", "SensibleProgramming.ArtificeNFT.Data\SensibleProgramming.ArtificeNFT.Data.csproj", "{E09E8CF2-ACD4-4DFF-A699-D07B01B57B77}"
EndProject
Project("{9A19103F-16F7-4668-BE54-9A1E7A4F7556}") = "SensibleProgramming.ArtificeNFT.Models", "SensibleProgramming.ArtificeNFT.Models\SensibleProgramming.ArtificeNFT.Models.csproj", "{DAD46B40-18F4-41F0-8C7C-143DDB7ECD74}"
EndProject
Project("{9A19103F-16F7-4668-BE54-9A1E7A4F7556}") = "SensibleProgramming.ArtificeNFT.Common", "SensibleProgramming.ArtificeNFT.Common\SensibleProgramming.ArtificeNFT.Common.csproj", "{21FA92AF-BA11-4144-84EA-0911DF8C1400}"
EndProject
Project("{9A19103F-16F7-4668-BE54-9A1E7A4F7556}") = "SensibleProgramming.ArtificeNFT.Data.Cosmos", "SensibleProgramming.ArtificeNFT.Data.Cosmos\SensibleProgramming.ArtificeNFT.Data.Cosmos.csproj", "{67E7556E-1BDE-4EBC-AA1B-65C3E6D755F6}"
EndProject
Project("{2150E333-8FDC-42A3-9474-1A3956D46DE8}") = "Data", "Data", "{C87AD0A8-1AD6-4278-B580-F00273719772}"
EndProject
Project("{2150E333-8FDC-42A3-9474-1A3956D46DE8}") = "UI", "UI", "{EF1DB76D-0EC5-46DD-848F-E5009A6D4EED}"
EndProject
Project("{2150E333-8FDC-42A3-9474-1A3956D46DE8}") = "Common", "Common", "{27219743-D59D-4444-9688-F99584045DA5}"
EndProject
Project("{2150E333-8FDC-42A3-9474-1A3956D46DE8}") = "Models", "Models", "{E18FB4E2-5FC5-4702-A4F1-9ACD6684A43D}"
EndProject
Project("{FAE04EC0-301F-11D3-BF4B-00C04F79EFBC}") = "SensibleProgramming.ArtificeNFT.API", "SensibleProgramming.ArtificeNFT.API\SensibleProgramming.ArtificeNFT.API.csproj", "{E2D1BE3D-082A-4D14-8971-FF67878103AB}"
EndProject
Project("{2150E333-8FDC-42A3-9474-1A3956D46DE8}") = "API", "API", "{B2AFDDFA-00FB-4D57-9A22-BCB721B7BABD}"
EndProject
Global
	GlobalSection(SolutionConfigurationPlatforms) = preSolution
		Debug|Any CPU = Debug|Any CPU
		Release|Any CPU = Release|Any CPU
	EndGlobalSection
	GlobalSection(ProjectConfigurationPlatforms) = postSolution
		{B57DADB4-075F-49E6-B7BC-09883648C1A2}.Debug|Any CPU.ActiveCfg = Debug|Any CPU
		{B57DADB4-075F-49E6-B7BC-09883648C1A2}.Debug|Any CPU.Build.0 = Debug|Any CPU
		{B57DADB4-075F-49E6-B7BC-09883648C1A2}.Release|Any CPU.ActiveCfg = Release|Any CPU
		{B57DADB4-075F-49E6-B7BC-09883648C1A2}.Release|Any CPU.Build.0 = Release|Any CPU
		{E09E8CF2-ACD4-4DFF-A699-D07B01B57B77}.Debug|Any CPU.ActiveCfg = Debug|Any CPU
		{E09E8CF2-ACD4-4DFF-A699-D07B01B57B77}.Debug|Any CPU.Build.0 = Debug|Any CPU
		{E09E8CF2-ACD4-4DFF-A699-D07B01B57B77}.Release|Any CPU.ActiveCfg = Release|Any CPU
		{E09E8CF2-ACD4-4DFF-A699-D07B01B57B77}.Release|Any CPU.Build.0 = Release|Any CPU
		{DAD46B40-18F4-41F0-8C7C-143DDB7ECD74}.Debug|Any CPU.ActiveCfg = Debug|Any CPU
		{DAD46B40-18F4-41F0-8C7C-143DDB7ECD74}.Debug|Any CPU.Build.0 = Debug|Any CPU
		{DAD46B40-18F4-41F0-8C7C-143DDB7ECD74}.Release|Any CPU.ActiveCfg = Release|Any CPU
		{DAD46B40-18F4-41F0-8C7C-143DDB7ECD74}.Release|Any CPU.Build.0 = Release|Any CPU
		{21FA92AF-BA11-4144-84EA-0911DF8C1400}.Debug|Any CPU.ActiveCfg = Debug|Any CPU
		{21FA92AF-BA11-4144-84EA-0911DF8C1400}.Debug|Any CPU.Build.0 = Debug|Any CPU
		{21FA92AF-BA11-4144-84EA-0911DF8C1400}.Release|Any CPU.ActiveCfg = Release|Any CPU
		{21FA92AF-BA11-4144-84EA-0911DF8C1400}.Release|Any CPU.Build.0 = Release|Any CPU
		{67E7556E-1BDE-4EBC-AA1B-65C3E6D755F6}.Debug|Any CPU.ActiveCfg = Debug|Any CPU
		{67E7556E-1BDE-4EBC-AA1B-65C3E6D755F6}.Debug|Any CPU.Build.0 = Debug|Any CPU
		{67E7556E-1BDE-4EBC-AA1B-65C3E6D755F6}.Release|Any CPU.ActiveCfg = Release|Any CPU
		{67E7556E-1BDE-4EBC-AA1B-65C3E6D755F6}.Release|Any CPU.Build.0 = Release|Any CPU
		{E2D1BE3D-082A-4D14-8971-FF67878103AB}.Debug|Any CPU.ActiveCfg = Debug|Any CPU
		{E2D1BE3D-082A-4D14-8971-FF67878103AB}.Debug|Any CPU.Build.0 = Debug|Any CPU
		{E2D1BE3D-082A-4D14-8971-FF67878103AB}.Release|Any CPU.ActiveCfg = Release|Any CPU
		{E2D1BE3D-082A-4D14-8971-FF67878103AB}.Release|Any CPU.Build.0 = Release|Any CPU
	EndGlobalSection
	GlobalSection(SolutionProperties) = preSolution
		HideSolutionNode = FALSE
	EndGlobalSection
	GlobalSection(NestedProjects) = preSolution
		{B57DADB4-075F-49E6-B7BC-09883648C1A2} = {EF1DB76D-0EC5-46DD-848F-E5009A6D4EED}
		{E09E8CF2-ACD4-4DFF-A699-D07B01B57B77} = {C87AD0A8-1AD6-4278-B580-F00273719772}
		{DAD46B40-18F4-41F0-8C7C-143DDB7ECD74} = {E18FB4E2-5FC5-4702-A4F1-9ACD6684A43D}
		{21FA92AF-BA11-4144-84EA-0911DF8C1400} = {27219743-D59D-4444-9688-F99584045DA5}
		{67E7556E-1BDE-4EBC-AA1B-65C3E6D755F6} = {C87AD0A8-1AD6-4278-B580-F00273719772}
		{E2D1BE3D-082A-4D14-8971-FF67878103AB} = {B2AFDDFA-00FB-4D57-9A22-BCB721B7BABD}
	EndGlobalSection
	GlobalSection(ExtensibilityGlobals) = postSolution
		SolutionGuid = {EC8E9B69-5AC9-452A-8088-C20243E6415C}
	EndGlobalSection
EndGlobal
